// !$*UTF8*$!
{
	archiveVersion = 1;
	classes = {
	};
	objectVersion = 55;
	objects = {

/* Begin PBXBuildFile section */
		193F95B82936410F005DC9A9 /* Localizable.strings in Resources */ = {isa = PBXBuildFile; fileRef = 193F95BA2936410F005DC9A9 /* Localizable.strings */; };
		196157D72923BCAB0021D7D1 /* WorkoutTrackerApp.swift in Sources */ = {isa = PBXBuildFile; fileRef = 196157D62923BCAB0021D7D1 /* WorkoutTrackerApp.swift */; };
		196157DB2923BCAC0021D7D1 /* Assets.xcassets in Resources */ = {isa = PBXBuildFile; fileRef = 196157DA2923BCAC0021D7D1 /* Assets.xcassets */; };
		196157DE2923BCAC0021D7D1 /* Preview Assets.xcassets in Resources */ = {isa = PBXBuildFile; fileRef = 196157DD2923BCAC0021D7D1 /* Preview Assets.xcassets */; };
		196157E52923C6F50021D7D1 /* ExercisesView.swift in Sources */ = {isa = PBXBuildFile; fileRef = 196157E42923C6F50021D7D1 /* ExercisesView.swift */; };
		196157E72923C7190021D7D1 /* Exercise.swift in Sources */ = {isa = PBXBuildFile; fileRef = 196157E62923C7190021D7D1 /* Exercise.swift */; };
		196157EA2923C8230021D7D1 /* Category.swift in Sources */ = {isa = PBXBuildFile; fileRef = 196157E92923C8230021D7D1 /* Category.swift */; };
		196157EC2923D1050021D7D1 /* ExerciseListItemView.swift in Sources */ = {isa = PBXBuildFile; fileRef = 196157EB2923D1050021D7D1 /* ExerciseListItemView.swift */; };
		196157F22923D5C20021D7D1 /* ExerciseDetailView.swift in Sources */ = {isa = PBXBuildFile; fileRef = 196157F12923D5C20021D7D1 /* ExerciseDetailView.swift */; };
		196157F42923DE510021D7D1 /* ExerciseEditView.swift in Sources */ = {isa = PBXBuildFile; fileRef = 196157F32923DE510021D7D1 /* ExerciseEditView.swift */; };
		19943FFB292A90860044C487 /* WorkoutEditView.swift in Sources */ = {isa = PBXBuildFile; fileRef = 19943FFA292A90860044C487 /* WorkoutEditView.swift */; };
		19943FFF292AAF370044C487 /* AlertToast in Frameworks */ = {isa = PBXBuildFile; productRef = 19943FFE292AAF370044C487 /* AlertToast */; };
		19C72495292C0F9400C86947 /* ExercisesService.swift in Sources */ = {isa = PBXBuildFile; fileRef = 19C72494292C0F9400C86947 /* ExercisesService.swift */; };
		19DDF2472939332900E9F518 /* SizeUnit.swift in Sources */ = {isa = PBXBuildFile; fileRef = 19DDF2462939332900E9F518 /* SizeUnit.swift */; };
		19DDF2492939367F00E9F518 /* LengthUnit.swift in Sources */ = {isa = PBXBuildFile; fileRef = 19DDF2482939367F00E9F518 /* LengthUnit.swift */; };
		19E119DF292A8FC4002A43E8 /* Workout.swift in Sources */ = {isa = PBXBuildFile; fileRef = 19E119DE292A8FC4002A43E8 /* Workout.swift */; };
		2E43445D29311555000CCF27 /* WorkoutListItemView.swift in Sources */ = {isa = PBXBuildFile; fileRef = 2E43445C29311555000CCF27 /* WorkoutListItemView.swift */; };
		2E6F3AD92936601700E0A59E /* SetsEditView.swift in Sources */ = {isa = PBXBuildFile; fileRef = 2E6F3AD82936601700E0A59E /* SetsEditView.swift */; };
/* End PBXBuildFile section */

/* Begin PBXFileReference section */
		193F95B92936410F005DC9A9 /* en */ = {isa = PBXFileReference; lastKnownFileType = text.plist.strings; name = en; path = en.lproj/Localizable.strings; sourceTree = "<group>"; };
		193F95BB29364116005DC9A9 /* de */ = {isa = PBXFileReference; lastKnownFileType = text.plist.strings; name = de; path = de.lproj/Localizable.strings; sourceTree = "<group>"; };
		196157D32923BCAB0021D7D1 /* WorkoutTracker.app */ = {isa = PBXFileReference; explicitFileType = wrapper.application; includeInIndex = 0; path = WorkoutTracker.app; sourceTree = BUILT_PRODUCTS_DIR; };
		196157D62923BCAB0021D7D1 /* WorkoutTrackerApp.swift */ = {isa = PBXFileReference; lastKnownFileType = sourcecode.swift; path = WorkoutTrackerApp.swift; sourceTree = "<group>"; };
		196157DA2923BCAC0021D7D1 /* Assets.xcassets */ = {isa = PBXFileReference; lastKnownFileType = folder.assetcatalog; path = Assets.xcassets; sourceTree = "<group>"; };
		196157DD2923BCAC0021D7D1 /* Preview Assets.xcassets */ = {isa = PBXFileReference; lastKnownFileType = folder.assetcatalog; path = "Preview Assets.xcassets"; sourceTree = "<group>"; };
		196157E42923C6F50021D7D1 /* ExercisesView.swift */ = {isa = PBXFileReference; lastKnownFileType = sourcecode.swift; path = ExercisesView.swift; sourceTree = "<group>"; };
		196157E62923C7190021D7D1 /* Exercise.swift */ = {isa = PBXFileReference; lastKnownFileType = sourcecode.swift; path = Exercise.swift; sourceTree = "<group>"; };
		196157E92923C8230021D7D1 /* Category.swift */ = {isa = PBXFileReference; lastKnownFileType = sourcecode.swift; path = Category.swift; sourceTree = "<group>"; };
		196157EB2923D1050021D7D1 /* ExerciseListItemView.swift */ = {isa = PBXFileReference; lastKnownFileType = sourcecode.swift; path = ExerciseListItemView.swift; sourceTree = "<group>"; };
		196157F12923D5C20021D7D1 /* ExerciseDetailView.swift */ = {isa = PBXFileReference; lastKnownFileType = sourcecode.swift; path = ExerciseDetailView.swift; sourceTree = "<group>"; };
		196157F32923DE510021D7D1 /* ExerciseEditView.swift */ = {isa = PBXFileReference; lastKnownFileType = sourcecode.swift; path = ExerciseEditView.swift; sourceTree = "<group>"; };
		19943FFA292A90860044C487 /* WorkoutEditView.swift */ = {isa = PBXFileReference; lastKnownFileType = sourcecode.swift; path = WorkoutEditView.swift; sourceTree = "<group>"; };
		19C72494292C0F9400C86947 /* ExercisesService.swift */ = {isa = PBXFileReference; lastKnownFileType = sourcecode.swift; path = ExercisesService.swift; sourceTree = "<group>"; };
		19DDF2462939332900E9F518 /* SizeUnit.swift */ = {isa = PBXFileReference; lastKnownFileType = sourcecode.swift; path = SizeUnit.swift; sourceTree = "<group>"; };
		19DDF2482939367F00E9F518 /* LengthUnit.swift */ = {isa = PBXFileReference; lastKnownFileType = sourcecode.swift; path = LengthUnit.swift; sourceTree = "<group>"; };
		19E119DE292A8FC4002A43E8 /* Workout.swift */ = {isa = PBXFileReference; fileEncoding = 4; lastKnownFileType = sourcecode.swift; path = Workout.swift; sourceTree = "<group>"; };
		2E43445C29311555000CCF27 /* WorkoutListItemView.swift */ = {isa = PBXFileReference; lastKnownFileType = sourcecode.swift; path = WorkoutListItemView.swift; sourceTree = "<group>"; };
		2E6F3AD82936601700E0A59E /* SetsEditView.swift */ = {isa = PBXFileReference; lastKnownFileType = sourcecode.swift; path = SetsEditView.swift; sourceTree = "<group>"; };
/* End PBXFileReference section */

/* Begin PBXFrameworksBuildPhase section */
		196157D02923BCAB0021D7D1 /* Frameworks */ = {
			isa = PBXFrameworksBuildPhase;
			buildActionMask = 2147483647;
			files = (
				19943FFF292AAF370044C487 /* AlertToast in Frameworks */,
			);
			runOnlyForDeploymentPostprocessing = 0;
		};
/* End PBXFrameworksBuildPhase section */

/* Begin PBXGroup section */
		196157CA2923BCAB0021D7D1 = {
			isa = PBXGroup;
			children = (
				196157D52923BCAB0021D7D1 /* WorkoutTracker */,
				196157D42923BCAB0021D7D1 /* Products */,
			);
			sourceTree = "<group>";
		};
		196157D42923BCAB0021D7D1 /* Products */ = {
			isa = PBXGroup;
			children = (
				196157D32923BCAB0021D7D1 /* WorkoutTracker.app */,
			);
			name = Products;
			sourceTree = "<group>";
		};
		196157D52923BCAB0021D7D1 /* WorkoutTracker */ = {
			isa = PBXGroup;
			children = (
				19D321432924EA420098B8DA /* Views */,
				196157E82923C7280021D7D1 /* Models */,
				196157D62923BCAB0021D7D1 /* WorkoutTrackerApp.swift */,
				193F95BA2936410F005DC9A9 /* Localizable.strings */,
				196157DA2923BCAC0021D7D1 /* Assets.xcassets */,
				196157DC2923BCAC0021D7D1 /* Preview Content */,
			);
			path = WorkoutTracker;
			sourceTree = "<group>";
		};
		196157DC2923BCAC0021D7D1 /* Preview Content */ = {
			isa = PBXGroup;
			children = (
				196157DD2923BCAC0021D7D1 /* Preview Assets.xcassets */,
			);
			path = "Preview Content";
			sourceTree = "<group>";
		};
		196157E82923C7280021D7D1 /* Models */ = {
			isa = PBXGroup;
			children = (
				19E119DE292A8FC4002A43E8 /* Workout.swift */,
				196157E62923C7190021D7D1 /* Exercise.swift */,
				196157E92923C8230021D7D1 /* Category.swift */,
				19C72494292C0F9400C86947 /* ExercisesService.swift */,
				19DDF2462939332900E9F518 /* SizeUnit.swift */,
				19DDF2482939367F00E9F518 /* LengthUnit.swift */,
			);
			path = Models;
			sourceTree = "<group>";
		};
		196157EF2923D57D0021D7D1 /* Exercise */ = {
			isa = PBXGroup;
			children = (
				196157F12923D5C20021D7D1 /* ExerciseDetailView.swift */,
				196157F32923DE510021D7D1 /* ExerciseEditView.swift */,
			);
			path = Exercise;
			sourceTree = "<group>";
		};
		19943FFC292A90930044C487 /* Set */ = {
			isa = PBXGroup;
			children = (
				19943FFA292A90860044C487 /* WorkoutEditView.swift */,
				2E43445C29311555000CCF27 /* WorkoutListItemView.swift */,
				2E6F3AD82936601700E0A59E /* SetsEditView.swift */,
			);
			path = Set;
			sourceTree = "<group>";
		};
		19D321432924EA420098B8DA /* Views */ = {
			isa = PBXGroup;
			children = (
				19943FFC292A90930044C487 /* Set */,
				196157EF2923D57D0021D7D1 /* Exercise */,
				19D321442924EA7B0098B8DA /* ExercisesList */,
			);
			path = Views;
			sourceTree = "<group>";
		};
		19D321442924EA7B0098B8DA /* ExercisesList */ = {
			isa = PBXGroup;
			children = (
				196157E42923C6F50021D7D1 /* ExercisesView.swift */,
				196157EB2923D1050021D7D1 /* ExerciseListItemView.swift */,
			);
			path = ExercisesList;
			sourceTree = "<group>";
		};
/* End PBXGroup section */

/* Begin PBXNativeTarget section */
		196157D22923BCAB0021D7D1 /* WorkoutTracker */ = {
			isa = PBXNativeTarget;
			buildConfigurationList = 196157E12923BCAC0021D7D1 /* Build configuration list for PBXNativeTarget "WorkoutTracker" */;
			buildPhases = (
				196157CF2923BCAB0021D7D1 /* Sources */,
				196157D02923BCAB0021D7D1 /* Frameworks */,
				196157D12923BCAB0021D7D1 /* Resources */,
			);
			buildRules = (
			);
			dependencies = (
			);
			name = WorkoutTracker;
			packageProductDependencies = (
				19943FFE292AAF370044C487 /* AlertToast */,
			);
			productName = WorkoutTracker;
			productReference = 196157D32923BCAB0021D7D1 /* WorkoutTracker.app */;
			productType = "com.apple.product-type.application";
		};
/* End PBXNativeTarget section */

/* Begin PBXProject section */
		196157CB2923BCAB0021D7D1 /* Project object */ = {
			isa = PBXProject;
			attributes = {
				LastSwiftUpdateCheck = 1400;
				LastUpgradeCheck = 1400;
				TargetAttributes = {
					196157D22923BCAB0021D7D1 = {
						CreatedOnToolsVersion = 14.0.1;
					};
				};
			};
			buildConfigurationList = 196157CE2923BCAB0021D7D1 /* Build configuration list for PBXProject "WorkoutTracker" */;
			compatibilityVersion = "Xcode 13.0";
			developmentRegion = en;
			hasScannedForEncodings = 0;
			knownRegions = (
				en,
				Base,
				de,
			);
			mainGroup = 196157CA2923BCAB0021D7D1;
			packageReferences = (
				19943FFD292AAF370044C487 /* XCRemoteSwiftPackageReference "AlertToast" */,
			);
			productRefGroup = 196157D42923BCAB0021D7D1 /* Products */;
			projectDirPath = "";
			projectRoot = "";
			targets = (
				196157D22923BCAB0021D7D1 /* WorkoutTracker */,
			);
		};
/* End PBXProject section */

/* Begin PBXResourcesBuildPhase section */
		196157D12923BCAB0021D7D1 /* Resources */ = {
			isa = PBXResourcesBuildPhase;
			buildActionMask = 2147483647;
			files = (
				196157DE2923BCAC0021D7D1 /* Preview Assets.xcassets in Resources */,
				193F95B82936410F005DC9A9 /* Localizable.strings in Resources */,
				196157DB2923BCAC0021D7D1 /* Assets.xcassets in Resources */,
			);
			runOnlyForDeploymentPostprocessing = 0;
		};
/* End PBXResourcesBuildPhase section */

/* Begin PBXSourcesBuildPhase section */
		196157CF2923BCAB0021D7D1 /* Sources */ = {
			isa = PBXSourcesBuildPhase;
			buildActionMask = 2147483647;
			files = (
				196157F22923D5C20021D7D1 /* ExerciseDetailView.swift in Sources */,
				19DDF2492939367F00E9F518 /* LengthUnit.swift in Sources */,
				196157E52923C6F50021D7D1 /* ExercisesView.swift in Sources */,
				196157F42923DE510021D7D1 /* ExerciseEditView.swift in Sources */,
				19C72495292C0F9400C86947 /* ExercisesService.swift in Sources */,
				196157EA2923C8230021D7D1 /* Category.swift in Sources */,
				2E6F3AD92936601700E0A59E /* SetsEditView.swift in Sources */,
				196157E72923C7190021D7D1 /* Exercise.swift in Sources */,
				19943FFB292A90860044C487 /* WorkoutEditView.swift in Sources */,
				196157EC2923D1050021D7D1 /* ExerciseListItemView.swift in Sources */,
				19DDF2472939332900E9F518 /* SizeUnit.swift in Sources */,
				2E43445D29311555000CCF27 /* WorkoutListItemView.swift in Sources */,
				196157D72923BCAB0021D7D1 /* WorkoutTrackerApp.swift in Sources */,
				19E119DF292A8FC4002A43E8 /* Workout.swift in Sources */,
			);
			runOnlyForDeploymentPostprocessing = 0;
		};
/* End PBXSourcesBuildPhase section */

/* Begin PBXVariantGroup section */
		193F95BA2936410F005DC9A9 /* Localizable.strings */ = {
			isa = PBXVariantGroup;
			children = (
				193F95B92936410F005DC9A9 /* en */,
				193F95BB29364116005DC9A9 /* de */,
			);
			name = Localizable.strings;
			sourceTree = "<group>";
		};
/* End PBXVariantGroup section */

/* Begin XCBuildConfiguration section */
		196157DF2923BCAC0021D7D1 /* Debug */ = {
			isa = XCBuildConfiguration;
			buildSettings = {
				ALWAYS_SEARCH_USER_PATHS = NO;
				CLANG_ANALYZER_NONNULL = YES;
				CLANG_ANALYZER_NUMBER_OBJECT_CONVERSION = YES_AGGRESSIVE;
				CLANG_CXX_LANGUAGE_STANDARD = "gnu++20";
				CLANG_ENABLE_MODULES = YES;
				CLANG_ENABLE_OBJC_ARC = YES;
				CLANG_ENABLE_OBJC_WEAK = YES;
				CLANG_WARN_BLOCK_CAPTURE_AUTORELEASING = YES;
				CLANG_WARN_BOOL_CONVERSION = YES;
				CLANG_WARN_COMMA = YES;
				CLANG_WARN_CONSTANT_CONVERSION = YES;
				CLANG_WARN_DEPRECATED_OBJC_IMPLEMENTATIONS = YES;
				CLANG_WARN_DIRECT_OBJC_ISA_USAGE = YES_ERROR;
				CLANG_WARN_DOCUMENTATION_COMMENTS = YES;
				CLANG_WARN_EMPTY_BODY = YES;
				CLANG_WARN_ENUM_CONVERSION = YES;
				CLANG_WARN_INFINITE_RECURSION = YES;
				CLANG_WARN_INT_CONVERSION = YES;
				CLANG_WARN_NON_LITERAL_NULL_CONVERSION = YES;
				CLANG_WARN_OBJC_IMPLICIT_RETAIN_SELF = YES;
				CLANG_WARN_OBJC_LITERAL_CONVERSION = YES;
				CLANG_WARN_OBJC_ROOT_CLASS = YES_ERROR;
				CLANG_WARN_QUOTED_INCLUDE_IN_FRAMEWORK_HEADER = YES;
				CLANG_WARN_RANGE_LOOP_ANALYSIS = YES;
				CLANG_WARN_STRICT_PROTOTYPES = YES;
				CLANG_WARN_SUSPICIOUS_MOVE = YES;
				CLANG_WARN_UNGUARDED_AVAILABILITY = YES_AGGRESSIVE;
				CLANG_WARN_UNREACHABLE_CODE = YES;
				CLANG_WARN__DUPLICATE_METHOD_MATCH = YES;
				COPY_PHASE_STRIP = NO;
				DEBUG_INFORMATION_FORMAT = dwarf;
				ENABLE_STRICT_OBJC_MSGSEND = YES;
				ENABLE_TESTABILITY = YES;
				GCC_C_LANGUAGE_STANDARD = gnu11;
				GCC_DYNAMIC_NO_PIC = NO;
				GCC_NO_COMMON_BLOCKS = YES;
				GCC_OPTIMIZATION_LEVEL = 0;
				GCC_PREPROCESSOR_DEFINITIONS = (
					"DEBUG=1",
					"$(inherited)",
				);
				GCC_WARN_64_TO_32_BIT_CONVERSION = YES;
				GCC_WARN_ABOUT_RETURN_TYPE = YES_ERROR;
				GCC_WARN_UNDECLARED_SELECTOR = YES;
				GCC_WARN_UNINITIALIZED_AUTOS = YES_AGGRESSIVE;
				GCC_WARN_UNUSED_FUNCTION = YES;
				GCC_WARN_UNUSED_VARIABLE = YES;
				IPHONEOS_DEPLOYMENT_TARGET = 15.2;
				MTL_ENABLE_DEBUG_INFO = INCLUDE_SOURCE;
				MTL_FAST_MATH = YES;
				ONLY_ACTIVE_ARCH = YES;
				SDKROOT = iphoneos;
				SWIFT_ACTIVE_COMPILATION_CONDITIONS = DEBUG;
				SWIFT_OPTIMIZATION_LEVEL = "-Onone";
			};
			name = Debug;
		};
		196157E02923BCAC0021D7D1 /* Release */ = {
			isa = XCBuildConfiguration;
			buildSettings = {
				ALWAYS_SEARCH_USER_PATHS = NO;
				CLANG_ANALYZER_NONNULL = YES;
				CLANG_ANALYZER_NUMBER_OBJECT_CONVERSION = YES_AGGRESSIVE;
				CLANG_CXX_LANGUAGE_STANDARD = "gnu++20";
				CLANG_ENABLE_MODULES = YES;
				CLANG_ENABLE_OBJC_ARC = YES;
				CLANG_ENABLE_OBJC_WEAK = YES;
				CLANG_WARN_BLOCK_CAPTURE_AUTORELEASING = YES;
				CLANG_WARN_BOOL_CONVERSION = YES;
				CLANG_WARN_COMMA = YES;
				CLANG_WARN_CONSTANT_CONVERSION = YES;
				CLANG_WARN_DEPRECATED_OBJC_IMPLEMENTATIONS = YES;
				CLANG_WARN_DIRECT_OBJC_ISA_USAGE = YES_ERROR;
				CLANG_WARN_DOCUMENTATION_COMMENTS = YES;
				CLANG_WARN_EMPTY_BODY = YES;
				CLANG_WARN_ENUM_CONVERSION = YES;
				CLANG_WARN_INFINITE_RECURSION = YES;
				CLANG_WARN_INT_CONVERSION = YES;
				CLANG_WARN_NON_LITERAL_NULL_CONVERSION = YES;
				CLANG_WARN_OBJC_IMPLICIT_RETAIN_SELF = YES;
				CLANG_WARN_OBJC_LITERAL_CONVERSION = YES;
				CLANG_WARN_OBJC_ROOT_CLASS = YES_ERROR;
				CLANG_WARN_QUOTED_INCLUDE_IN_FRAMEWORK_HEADER = YES;
				CLANG_WARN_RANGE_LOOP_ANALYSIS = YES;
				CLANG_WARN_STRICT_PROTOTYPES = YES;
				CLANG_WARN_SUSPICIOUS_MOVE = YES;
				CLANG_WARN_UNGUARDED_AVAILABILITY = YES_AGGRESSIVE;
				CLANG_WARN_UNREACHABLE_CODE = YES;
				CLANG_WARN__DUPLICATE_METHOD_MATCH = YES;
				COPY_PHASE_STRIP = NO;
				DEBUG_INFORMATION_FORMAT = "dwarf-with-dsym";
				ENABLE_NS_ASSERTIONS = NO;
				ENABLE_STRICT_OBJC_MSGSEND = YES;
				GCC_C_LANGUAGE_STANDARD = gnu11;
				GCC_NO_COMMON_BLOCKS = YES;
				GCC_WARN_64_TO_32_BIT_CONVERSION = YES;
				GCC_WARN_ABOUT_RETURN_TYPE = YES_ERROR;
				GCC_WARN_UNDECLARED_SELECTOR = YES;
				GCC_WARN_UNINITIALIZED_AUTOS = YES_AGGRESSIVE;
				GCC_WARN_UNUSED_FUNCTION = YES;
				GCC_WARN_UNUSED_VARIABLE = YES;
				IPHONEOS_DEPLOYMENT_TARGET = 15.2;
				MTL_ENABLE_DEBUG_INFO = NO;
				MTL_FAST_MATH = YES;
				SDKROOT = iphoneos;
				SWIFT_COMPILATION_MODE = wholemodule;
				SWIFT_OPTIMIZATION_LEVEL = "-O";
				VALIDATE_PRODUCT = YES;
			};
			name = Release;
		};
		196157E22923BCAC0021D7D1 /* Debug */ = {
			isa = XCBuildConfiguration;
			buildSettings = {
				ASSETCATALOG_COMPILER_APPICON_NAME = AppIcon;
				ASSETCATALOG_COMPILER_GLOBAL_ACCENT_COLOR_NAME = AccentColor;
				CODE_SIGN_STYLE = Automatic;
				CURRENT_PROJECT_VERSION = 1;
				DEVELOPMENT_ASSET_PATHS = "\"WorkoutTracker/Preview Content\"";
				ENABLE_PREVIEWS = YES;
				GENERATE_INFOPLIST_FILE = YES;
				INFOPLIST_KEY_UIApplicationSceneManifest_Generation = YES;
				INFOPLIST_KEY_UIApplicationSupportsIndirectInputEvents = YES;
				INFOPLIST_KEY_UILaunchScreen_Generation = YES;
				INFOPLIST_KEY_UISupportedInterfaceOrientations_iPad = "UIInterfaceOrientationPortrait UIInterfaceOrientationPortraitUpsideDown UIInterfaceOrientationLandscapeLeft UIInterfaceOrientationLandscapeRight";
				INFOPLIST_KEY_UISupportedInterfaceOrientations_iPhone = "UIInterfaceOrientationPortrait UIInterfaceOrientationLandscapeLeft UIInterfaceOrientationLandscapeRight";
				LD_RUNPATH_SEARCH_PATHS = (
					"$(inherited)",
					"@executable_path/Frameworks",
				);
				MARKETING_VERSION = 1.0;
				PRODUCT_BUNDLE_IDENTIFIER = ios.hslu.WorkoutTracker;
				PRODUCT_NAME = "$(TARGET_NAME)";
				SWIFT_EMIT_LOC_STRINGS = YES;
				SWIFT_VERSION = 5.0;
				TARGETED_DEVICE_FAMILY = "1,2";
			};
			name = Debug;
		};
		196157E32923BCAC0021D7D1 /* Release */ = {
			isa = XCBuildConfiguration;
			buildSettings = {
				ASSETCATALOG_COMPILER_APPICON_NAME = AppIcon;
				ASSETCATALOG_COMPILER_GLOBAL_ACCENT_COLOR_NAME = AccentColor;
				CODE_SIGN_STYLE = Automatic;
				CURRENT_PROJECT_VERSION = 1;
				DEVELOPMENT_ASSET_PATHS = "\"WorkoutTracker/Preview Content\"";
				ENABLE_PREVIEWS = YES;
				GENERATE_INFOPLIST_FILE = YES;
				INFOPLIST_KEY_UIApplicationSceneManifest_Generation = YES;
				INFOPLIST_KEY_UIApplicationSupportsIndirectInputEvents = YES;
				INFOPLIST_KEY_UILaunchScreen_Generation = YES;
				INFOPLIST_KEY_UISupportedInterfaceOrientations_iPad = "UIInterfaceOrientationPortrait UIInterfaceOrientationPortraitUpsideDown UIInterfaceOrientationLandscapeLeft UIInterfaceOrientationLandscapeRight";
				INFOPLIST_KEY_UISupportedInterfaceOrientations_iPhone = "UIInterfaceOrientationPortrait UIInterfaceOrientationLandscapeLeft UIInterfaceOrientationLandscapeRight";
				LD_RUNPATH_SEARCH_PATHS = (
					"$(inherited)",
					"@executable_path/Frameworks",
				);
				MARKETING_VERSION = 1.0;
				PRODUCT_BUNDLE_IDENTIFIER = ios.hslu.WorkoutTracker;
				PRODUCT_NAME = "$(TARGET_NAME)";
				SWIFT_EMIT_LOC_STRINGS = YES;
				SWIFT_VERSION = 5.0;
				TARGETED_DEVICE_FAMILY = "1,2";
			};
			name = Release;
		};
/* End XCBuildConfiguration section */

/* Begin XCConfigurationList section */
		196157CE2923BCAB0021D7D1 /* Build configuration list for PBXProject "WorkoutTracker" */ = {
			isa = XCConfigurationList;
			buildConfigurations = (
				196157DF2923BCAC0021D7D1 /* Debug */,
				196157E02923BCAC0021D7D1 /* Release */,
			);
			defaultConfigurationIsVisible = 0;
			defaultConfigurationName = Release;
		};
		196157E12923BCAC0021D7D1 /* Build configuration list for PBXNativeTarget "WorkoutTracker" */ = {
			isa = XCConfigurationList;
			buildConfigurations = (
				196157E22923BCAC0021D7D1 /* Debug */,
				196157E32923BCAC0021D7D1 /* Release */,
			);
			defaultConfigurationIsVisible = 0;
			defaultConfigurationName = Release;
		};
/* End XCConfigurationList section */

/* Begin XCRemoteSwiftPackageReference section */
		19943FFD292AAF370044C487 /* XCRemoteSwiftPackageReference "AlertToast" */ = {
			isa = XCRemoteSwiftPackageReference;
			repositoryURL = "https://github.com/elai950/AlertToast.git";
			requirement = {
				branch = master;
				kind = branch;
			};
		};
/* End XCRemoteSwiftPackageReference section */

/* Begin XCSwiftPackageProductDependency section */
		19943FFE292AAF370044C487 /* AlertToast */ = {
			isa = XCSwiftPackageProductDependency;
			package = 19943FFD292AAF370044C487 /* XCRemoteSwiftPackageReference "AlertToast" */;
			productName = AlertToast;
		};
/* End XCSwiftPackageProductDependency section */
	};
	rootObject = 196157CB2923BCAB0021D7D1 /* Project object */;
}
